{
  "name": "newmodule",
  "version": "1.0.0",
  "lockfileVersion": 1,
  "requires": true,
  "dependencies": {
    "test_app_npm_1": {
      "version": "1.0.0",
      "resolved": "https://registry.npmjs.org/test_app_npm_1/-/test_app_npm_1-1.0.0.tgz",
      "integrity": "sha512-c5YEiwS36Nxsc+Q5SI+0hIv/33YF8Yz8JrACXQ+87Txwyl/8ZrIhRAqoKiVUmDzFywd1uGaP5IGFc3Zn3CncxA=="
    }
  }
}
